
Microsoft Visual Studio Solution File, Format Version 12.00
# Visual Studio Version 17
VisualStudioVersion = 17.4.33122.133
MinimumVisualStudioVersion = 10.0.40219.1
Project("{FAE04EC0-301F-11D3-BF4B-00C04F79EFBC}") = "q1", "q1.csproj", "{77D278C2-BD4A-4700-A930-CCEDA6F592F6}"
EndProject
Global
	GlobalSection(SolutionConfigurationPlatforms) = preSolution
		Debug|Any CPU = Debug|Any CPU
		Release|Any CPU = Release|Any CPU
	EndGlobalSection
	GlobalSection(ProjectConfigurationPlatforms) = postSolution
		{77D278C2-BD4A-4700-A930-CCEDA6F592F6}.Debug|Any CPU.ActiveCfg = Debug|Any CPU
		{77D278C2-BD4A-4700-A930-CCEDA6F592F6}.Debug|Any CPU.Build.0 = Debug|Any CPU
		{77D278C2-BD4A-4700-A930-CCEDA6F592F6}.Release|Any CPU.ActiveCfg = Release|Any CPU
		{77D278C2-BD4A-4700-A930-CCEDA6F592F6}.Release|Any CPU.Build.0 = Release|Any CPU
	EndGlobalSection
	GlobalSection(SolutionProperties) = preSolution
		HideSolutionNode = FALSE
	EndGlobalSection
	GlobalSection(ExtensibilityGlobals) = postSolution
		SolutionGuid = {92D0F4D5-0DC4-4C24-864D-9BF882300447}
	EndGlobalSection
EndGlobal
